
Microsoft Visual Studio Solution File, Format Version 12.00
# Visual Studio Version 17
VisualStudioVersion = 17.0.32126.317
MinimumVisualStudioVersion = 10.0.40219.1
Project("{8BC9CEB8-8B4A-11D0-8D11-00A0C91BC942}") = "ModbusControllerServer", "ModbusControllerServer\ModbusControllerServer.vcxproj", "{5B05B527-DF89-42D4-BE21-B25963849388}"
EndProject
Project("{8BC9CEB8-8B4A-11D0-8D11-00A0C91BC942}") = "ModbusControllerClient", "ModbusControllerClient\ModbusControllerClient.vcxproj", "{BC105C54-FBC1-4AE0-8AB6-B383B2D3474F}"
EndProject
Project("{8BC9CEB8-8B4A-11D0-8D11-00A0C91BC942}") = "DataItems", "DataItems\DataItems.vcxproj", "{DBC754AF-B608-47D5-8D52-97B2DD1B42EA}"
EndProject
Global
	GlobalSection(SolutionConfigurationPlatforms) = preSolution
		Debug|x64 = Debug|x64
		Debug|x86 = Debug|x86
		Release|x64 = Release|x64
		Release|x86 = Release|x86
	EndGlobalSection
	GlobalSection(ProjectConfigurationPlatforms) = postSolution
		{5B05B527-DF89-42D4-BE21-B25963849388}.Debug|x64.ActiveCfg = Debug|x64
		{5B05B527-DF89-42D4-BE21-B25963849388}.Debug|x64.Build.0 = Debug|x64
		{5B05B527-DF89-42D4-BE21-B25963849388}.Debug|x86.ActiveCfg = Debug|Win32
		{5B05B527-DF89-42D4-BE21-B25963849388}.Debug|x86.Build.0 = Debug|Win32
		{5B05B527-DF89-42D4-BE21-B25963849388}.Release|x64.ActiveCfg = Release|x64
		{5B05B527-DF89-42D4-BE21-B25963849388}.Release|x64.Build.0 = Release|x64
		{5B05B527-DF89-42D4-BE21-B25963849388}.Release|x86.ActiveCfg = Release|Win32
		{5B05B527-DF89-42D4-BE21-B25963849388}.Release|x86.Build.0 = Release|Win32
		{BC105C54-FBC1-4AE0-8AB6-B383B2D3474F}.Debug|x64.ActiveCfg = Debug|x64
		{BC105C54-FBC1-4AE0-8AB6-B383B2D3474F}.Debug|x64.Build.0 = Debug|x64
		{BC105C54-FBC1-4AE0-8AB6-B383B2D3474F}.Debug|x86.ActiveCfg = Debug|Win32
		{BC105C54-FBC1-4AE0-8AB6-B383B2D3474F}.Debug|x86.Build.0 = Debug|Win32
		{BC105C54-FBC1-4AE0-8AB6-B383B2D3474F}.Release|x64.ActiveCfg = Release|x64
		{BC105C54-FBC1-4AE0-8AB6-B383B2D3474F}.Release|x64.Build.0 = Release|x64
		{BC105C54-FBC1-4AE0-8AB6-B383B2D3474F}.Release|x86.ActiveCfg = Release|Win32
		{BC105C54-FBC1-4AE0-8AB6-B383B2D3474F}.Release|x86.Build.0 = Release|Win32
		{DBC754AF-B608-47D5-8D52-97B2DD1B42EA}.Debug|x64.ActiveCfg = Debug|x64
		{DBC754AF-B608-47D5-8D52-97B2DD1B42EA}.Debug|x64.Build.0 = Debug|x64
		{DBC754AF-B608-47D5-8D52-97B2DD1B42EA}.Debug|x86.ActiveCfg = Debug|Win32
		{DBC754AF-B608-47D5-8D52-97B2DD1B42EA}.Debug|x86.Build.0 = Debug|Win32
		{DBC754AF-B608-47D5-8D52-97B2DD1B42EA}.Release|x64.ActiveCfg = Release|x64
		{DBC754AF-B608-47D5-8D52-97B2DD1B42EA}.Release|x64.Build.0 = Release|x64
		{DBC754AF-B608-47D5-8D52-97B2DD1B42EA}.Release|x86.ActiveCfg = Release|Win32
		{DBC754AF-B608-47D5-8D52-97B2DD1B42EA}.Release|x86.Build.0 = Release|Win32
	EndGlobalSection
	GlobalSection(SolutionProperties) = preSolution
		HideSolutionNode = FALSE
	EndGlobalSection
	GlobalSection(ExtensibilityGlobals) = postSolution
		SolutionGuid = {B37C15AF-9195-4FCE-8993-4E5A49580410}
	EndGlobalSection
EndGlobal
